
Microsoft Visual Studio Solution File, Format Version 12.00
# Visual Studio Version 17
VisualStudioVersion = 17.8.34309.116
MinimumVisualStudioVersion = 10.0.40219.1
Project("{FAE04EC0-301F-11D3-BF4B-00C04F79EFBC}") = "ELDYN", "ELDYN\ELDYN.csproj", "{282FFCD5-CFDE-4A33-8F61-FE0710D409DC}"
EndProject
Global
	GlobalSection(SolutionConfigurationPlatforms) = preSolution
		Debug|Any CPU = Debug|Any CPU
		Release|Any CPU = Release|Any CPU
	EndGlobalSection
	GlobalSection(ProjectConfigurationPlatforms) = postSolution
		{282FFCD5-CFDE-4A33-8F61-FE0710D409DC}.Debug|Any CPU.ActiveCfg = Debug|Any CPU
		{282FFCD5-CFDE-4A33-8F61-FE0710D409DC}.Debug|Any CPU.Build.0 = Debug|Any CPU
		{282FFCD5-CFDE-4A33-8F61-FE0710D409DC}.Release|Any CPU.ActiveCfg = Release|Any CPU
		{282FFCD5-CFDE-4A33-8F61-FE0710D409DC}.Release|Any CPU.Build.0 = Release|Any CPU
	EndGlobalSection
	GlobalSection(SolutionProperties) = preSolution
		HideSolutionNode = FALSE
	EndGlobalSection
	GlobalSection(ExtensibilityGlobals) = postSolution
		SolutionGuid = {DE8C69BF-EA5D-4BE0-8E79-18C7FDDE6BDC}
	EndGlobalSection
EndGlobal
